
Microsoft Visual Studio Solution File, Format Version 12.00
# Visual Studio 15
VisualStudioVersion = 15.0.27703.2042
MinimumVisualStudioVersion = 10.0.40219.1
Project("{FAE04EC0-301F-11D3-BF4B-00C04F79EFBC}") = "ProblemDetails", "ProblemDetails.HttpContent\ProblemDetails.HttpContent.csproj", "{22307986-CD15-4713-B1BA-6BEF04398F2B}"
EndProject
Global
	GlobalSection(SolutionConfigurationPlatforms) = preSolution
		Debug|Any CPU = Debug|Any CPU
		Release|Any CPU = Release|Any CPU
	EndGlobalSection
	GlobalSection(ProjectConfigurationPlatforms) = postSolution
		{22307986-CD15-4713-B1BA-6BEF04398F2B}.Debug|Any CPU.ActiveCfg = Debug|Any CPU
		{22307986-CD15-4713-B1BA-6BEF04398F2B}.Debug|Any CPU.Build.0 = Debug|Any CPU
		{22307986-CD15-4713-B1BA-6BEF04398F2B}.Release|Any CPU.ActiveCfg = Release|Any CPU
		{22307986-CD15-4713-B1BA-6BEF04398F2B}.Release|Any CPU.Build.0 = Release|Any CPU
	EndGlobalSection
	GlobalSection(SolutionProperties) = preSolution
		HideSolutionNode = FALSE
	EndGlobalSection
	GlobalSection(ExtensibilityGlobals) = postSolution
		SolutionGuid = {8BE08946-EA0B-4E03-87A7-F88AD458F09E}
	EndGlobalSection
EndGlobal
